PODS:
  - Capacitor (5.6.0):
    - CapacitorCordova
  - CapacitorClipboard (5.0.7):
    - Capacitor
  - CapacitorCordova (5.6.0)
  - CapacitorKeyboard (5.0.8):
    - Capacitor
  - CapacitorPreferences (5.0.7):
    - Capacitor
  - CapacitorShare (5.0.7):
    - Capacitor
  - CapacitorToast (5.0.7):
    - Capacitor
  - SendIntent (0.0.1):
    - Capacitor

DEPENDENCIES:
  - "Capacitor (from `../../node_modules/@capacitor/ios`)"
  - "CapacitorClipboard (from `../../node_modules/@capacitor/clipboard`)"
  - "CapacitorCordova (from `../../node_modules/@capacitor/ios`)"
  - "CapacitorKeyboard (from `../../node_modules/@capacitor/keyboard`)"
  - "CapacitorPreferences (from `../../node_modules/@capacitor/preferences`)"
  - "CapacitorShare (from `../../node_modules/@capacitor/share`)"
  - "CapacitorToast (from `../../node_modules/@capacitor/toast`)"
  - SendIntent (from `../../node_modules/send-intent`)

EXTERNAL SOURCES:
  Capacitor:
    :path: "../../node_modules/@capacitor/ios"
  CapacitorClipboard:
    :path: "../../node_modules/@capacitor/clipboard"
  CapacitorCordova:
    :path: "../../node_modules/@capacitor/ios"
  CapacitorKeyboard:
    :path: "../../node_modules/@capacitor/keyboard"
  CapacitorPreferences:
    :path: "../../node_modules/@capacitor/preferences"
  CapacitorShare:
    :path: "../../node_modules/@capacitor/share"
  CapacitorToast:
    :path: "../../node_modules/@capacitor/toast"
  SendIntent:
    :path: "../../node_modules/send-intent"

SPEC CHECKSUMS:
  Capacitor: ebfc16cdb8116d04c101686b080342872da42d43
  CapacitorClipboard: 45e5e25f2271f98712985d422776cdc5a779cca1
  CapacitorCordova: 931b48fcdbc9bc985fc2f16cec9f77c794a27729
  CapacitorKeyboard: aec619a578235c6ce279075009a2689c2cf5c42c
  CapacitorPreferences: 77ac427e98db83bace772455f8ba447430382c4c
  CapacitorShare: c6a1ebbf0114ff9e863b966cd6052678fa25d480
  CapacitorToast: c8bb89eeb59a23c1fc298f138cc06c8ff4d90ac1
  SendIntent: 0a17b6984c4f27e9dfa56513267ba2c044a5a6c8

PODFILE CHECKSUM: a3deaf8044d5fc8bb5707906dd99b49bd2ebc84a

COCOAPODS: 1.12.0
